// !$*UTF8*$!
{
	archiveVersion = 1;
	classes = {
	};
	objectVersion = 56;
	objects = {

/* Begin PBXBuildFile section */
		2AD9D0392CE6104D00B9873A /* Localizable.xcstrings in Resources */ = {isa = PBXBuildFile; fileRef = 2AD9D0382CE6104D00B9873A /* Localizable.xcstrings */; };
		2C062A512C7A97CF0010D9F4 /* Moti.swift in Sources */ = {isa = PBXBuildFile; fileRef = 2C062A502C7A97CF0010D9F4 /* Moti.swift */; };
		2C062A532C7A97CF0010D9F4 /* ContentView.swift in Sources */ = {isa = PBXBuildFile; fileRef = 2C062A522C7A97CF0010D9F4 /* ContentView.swift */; };
		2C062A552C7A97CF0010D9F4 /* Item.swift in Sources */ = {isa = PBXBuildFile; fileRef = 2C062A542C7A97CF0010D9F4 /* Item.swift */; };
		2C062A572C7A97D00010D9F4 /* Assets.xcassets in Resources */ = {isa = PBXBuildFile; fileRef = 2C062A562C7A97D00010D9F4 /* Assets.xcassets */; };
		2C062A5A2C7A97D00010D9F4 /* Preview Assets.xcassets in Resources */ = {isa = PBXBuildFile; fileRef = 2C062A592C7A97D00010D9F4 /* Preview Assets.xcassets */; };
		2C062A622C7A9AE70010D9F4 /* WeatherManager.swift in Sources */ = {isa = PBXBuildFile; fileRef = 2C062A612C7A9AE70010D9F4 /* WeatherManager.swift */; };
		2C062A642C7A9D5C0010D9F4 /* WeatherData.swift in Sources */ = {isa = PBXBuildFile; fileRef = 2C062A632C7A9D5C0010D9F4 /* WeatherData.swift */; };
		2C062A662C7A9FCB0010D9F4 /* Info.plist in Resources */ = {isa = PBXBuildFile; fileRef = 2C062A652C7A9FCB0010D9F4 /* Info.plist */; };
		2C988C3D2C7C9A45007EBB34 /* ForecastView.swift in Sources */ = {isa = PBXBuildFile; fileRef = 2C988C3C2C7C9A45007EBB34 /* ForecastView.swift */; };
		2CADE6752C83389F001FE1C2 /* Pods_Moti.framework in Frameworks */ = {isa = PBXBuildFile; fileRef = BD75E13AEF1EEB8B30140163 /* Pods_Moti.framework */; };
		2CADE6762C83389F001FE1C2 /* Pods_Moti.framework in Embed Frameworks */ = {isa = PBXBuildFile; fileRef = BD75E13AEF1EEB8B30140163 /* Pods_Moti.framework */; settings = {ATTRIBUTES = (CodeSignOnCopy, RemoveHeadersOnCopy, ); }; };
		2CADE6792C833A17001FE1C2 /* GoogleService-Info.plist in Resources */ = {isa = PBXBuildFile; fileRef = 2CADE6782C833A17001FE1C2 /* GoogleService-Info.plist */; };
		2CADE67B2C833C12001FE1C2 /* AdSupport.framework in Frameworks */ = {isa = PBXBuildFile; fileRef = 2CADE67A2C833C12001FE1C2 /* AdSupport.framework */; };
/* End PBXBuildFile section */

/* Begin PBXCopyFilesBuildPhase section */
		2CADE6772C83389F001FE1C2 /* Embed Frameworks */ = {
			isa = PBXCopyFilesBuildPhase;
			buildActionMask = 2147483647;
			dstPath = "";
			dstSubfolderSpec = 10;
			files = (
				2CADE6762C83389F001FE1C2 /* Pods_Moti.framework in Embed Frameworks */,
			);
			name = "Embed Frameworks";
			runOnlyForDeploymentPostprocessing = 0;
		};
/* End PBXCopyFilesBuildPhase section */

/* Begin PBXFileReference section */
		1CD041F23F0293042067A6C1 /* Pods-Moti.release.xcconfig */ = {isa = PBXFileReference; includeInIndex = 1; lastKnownFileType = text.xcconfig; name = "Pods-Moti.release.xcconfig"; path = "Target Support Files/Pods-Moti/Pods-Moti.release.xcconfig"; sourceTree = "<group>"; };
		2AD9D0382CE6104D00B9873A /* Localizable.xcstrings */ = {isa = PBXFileReference; lastKnownFileType = text.json.xcstrings; path = Localizable.xcstrings; sourceTree = "<group>"; };
		2C062A4D2C7A97CF0010D9F4 /* Moti.app */ = {isa = PBXFileReference; explicitFileType = wrapper.application; includeInIndex = 0; path = Moti.app; sourceTree = BUILT_PRODUCTS_DIR; };
		2C062A502C7A97CF0010D9F4 /* Moti.swift */ = {isa = PBXFileReference; lastKnownFileType = sourcecode.swift; path = Moti.swift; sourceTree = "<group>"; };
		2C062A522C7A97CF0010D9F4 /* ContentView.swift */ = {isa = PBXFileReference; lastKnownFileType = sourcecode.swift; path = ContentView.swift; sourceTree = "<group>"; };
		2C062A542C7A97CF0010D9F4 /* Item.swift */ = {isa = PBXFileReference; lastKnownFileType = sourcecode.swift; path = Item.swift; sourceTree = "<group>"; };
		2C062A562C7A97D00010D9F4 /* Assets.xcassets */ = {isa = PBXFileReference; lastKnownFileType = folder.assetcatalog; path = Assets.xcassets; sourceTree = "<group>"; };
		2C062A592C7A97D00010D9F4 /* Preview Assets.xcassets */ = {isa = PBXFileReference; lastKnownFileType = folder.assetcatalog; path = "Preview Assets.xcassets"; sourceTree = "<group>"; };
		2C062A5B2C7A97D00010D9F4 /* Moti.entitlements */ = {isa = PBXFileReference; lastKnownFileType = text.plist.entitlements; path = Moti.entitlements; sourceTree = "<group>"; };
		2C062A612C7A9AE70010D9F4 /* WeatherManager.swift */ = {isa = PBXFileReference; lastKnownFileType = sourcecode.swift; path = WeatherManager.swift; sourceTree = "<group>"; };
		2C062A632C7A9D5C0010D9F4 /* WeatherData.swift */ = {isa = PBXFileReference; lastKnownFileType = sourcecode.swift; path = WeatherData.swift; sourceTree = "<group>"; };
		2C062A652C7A9FCB0010D9F4 /* Info.plist */ = {isa = PBXFileReference; lastKnownFileType = text.plist.xml; path = Info.plist; sourceTree = "<group>"; };
		2C988C3C2C7C9A45007EBB34 /* ForecastView.swift */ = {isa = PBXFileReference; lastKnownFileType = sourcecode.swift; path = ForecastView.swift; sourceTree = "<group>"; };
		2CADE6782C833A17001FE1C2 /* GoogleService-Info.plist */ = {isa = PBXFileReference; fileEncoding = 4; lastKnownFileType = text.plist.xml; path = "GoogleService-Info.plist"; sourceTree = "<group>"; };
		2CADE67A2C833C12001FE1C2 /* AdSupport.framework */ = {isa = PBXFileReference; lastKnownFileType = wrapper.framework; name = AdSupport.framework; path = System/Library/Frameworks/AdSupport.framework; sourceTree = SDKROOT; };
		310E90E3176E9185697C02E8 /* Pods-Moti.debug.xcconfig */ = {isa = PBXFileReference; includeInIndex = 1; lastKnownFileType = text.xcconfig; name = "Pods-Moti.debug.xcconfig"; path = "Target Support Files/Pods-Moti/Pods-Moti.debug.xcconfig"; sourceTree = "<group>"; };
		BD75E13AEF1EEB8B30140163 /* Pods_Moti.framework */ = {isa = PBXFileReference; explicitFileType = wrapper.framework; includeInIndex = 0; path = Pods_Moti.framework; sourceTree = BUILT_PRODUCTS_DIR; };
/* End PBXFileReference section */

/* Begin PBXFrameworksBuildPhase section */
		2C062A4A2C7A97CF0010D9F4 /* Frameworks */ = {
			isa = PBXFrameworksBuildPhase;
			buildActionMask = 2147483647;
			files = (
				2CADE6752C83389F001FE1C2 /* Pods_Moti.framework in Frameworks */,
				2CADE67B2C833C12001FE1C2 /* AdSupport.framework in Frameworks */,
			);
			runOnlyForDeploymentPostprocessing = 0;
		};
/* End PBXFrameworksBuildPhase section */

/* Begin PBXGroup section */
		1E7E0A512A134CE9E0ADBC2C /* Frameworks */ = {
			isa = PBXGroup;
			children = (
				2CADE67A2C833C12001FE1C2 /* AdSupport.framework */,
				BD75E13AEF1EEB8B30140163 /* Pods_Moti.framework */,
			);
			name = Frameworks;
			sourceTree = "<group>";
		};
		2C062A442C7A97CF0010D9F4 = {
			isa = PBXGroup;
			children = (
				2CADE6782C833A17001FE1C2 /* GoogleService-Info.plist */,
				2C062A4F2C7A97CF0010D9F4 /* Moti */,
				2C062A4E2C7A97CF0010D9F4 /* Products */,
				595460F01F06B55AFF17E84F /* Pods */,
				1E7E0A512A134CE9E0ADBC2C /* Frameworks */,
			);
			sourceTree = "<group>";
		};
		2C062A4E2C7A97CF0010D9F4 /* Products */ = {
			isa = PBXGroup;
			children = (
				2C062A4D2C7A97CF0010D9F4 /* Moti.app */,
			);
			name = Products;
			sourceTree = "<group>";
		};
		2C062A4F2C7A97CF0010D9F4 /* Moti */ = {
			isa = PBXGroup;
			children = (
				2C062A652C7A9FCB0010D9F4 /* Info.plist */,
				2C062A502C7A97CF0010D9F4 /* Moti.swift */,
				2C062A5B2C7A97D00010D9F4 /* Moti.entitlements */,
				2C062A682C7AA2CF0010D9F4 /* Views */,
				2C062A692C7AA2DD0010D9F4 /* ViewModels */,
				2C062A6A2C7AA2E60010D9F4 /* Models */,
				2C062A6B2C7AA2F30010D9F4 /* Assets */,
				2C062A6C2C7AA2FF0010D9F4 /* Supporting Files */,
				2C062A582C7A97D00010D9F4 /* Preview Content */,
			);
			path = Moti;
			sourceTree = "<group>";
		};
		2C062A582C7A97D00010D9F4 /* Preview Content */ = {
			isa = PBXGroup;
			children = (
				2C062A592C7A97D00010D9F4 /* Preview Assets.xcassets */,
			);
			path = "Preview Content";
			sourceTree = "<group>";
		};
		2C062A682C7AA2CF0010D9F4 /* Views */ = {
			isa = PBXGroup;
			children = (
				2C062A522C7A97CF0010D9F4 /* ContentView.swift */,
				2C988C3C2C7C9A45007EBB34 /* ForecastView.swift */,
				2C062A542C7A97CF0010D9F4 /* Item.swift */,
			);
			path = Views;
			sourceTree = "<group>";
		};
		2C062A692C7AA2DD0010D9F4 /* ViewModels */ = {
			isa = PBXGroup;
			children = (
				2C062A612C7A9AE70010D9F4 /* WeatherManager.swift */,
			);
			path = ViewModels;
			sourceTree = "<group>";
		};
		2C062A6A2C7AA2E60010D9F4 /* Models */ = {
			isa = PBXGroup;
			children = (
				2C062A632C7A9D5C0010D9F4 /* WeatherData.swift */,
			);
			path = Models;
			sourceTree = "<group>";
		};
		2C062A6B2C7AA2F30010D9F4 /* Assets */ = {
			isa = PBXGroup;
			children = (
				2C062A562C7A97D00010D9F4 /* Assets.xcassets */,
			);
			path = Assets;
			sourceTree = "<group>";
		};
		2C062A6C2C7AA2FF0010D9F4 /* Supporting Files */ = {
			isa = PBXGroup;
			children = (
				2AD9D0382CE6104D00B9873A /* Localizable.xcstrings */,
			);
			path = "Supporting Files";
			sourceTree = "<group>";
		};
		595460F01F06B55AFF17E84F /* Pods */ = {
			isa = PBXGroup;
			children = (
				310E90E3176E9185697C02E8 /* Pods-Moti.debug.xcconfig */,
				1CD041F23F0293042067A6C1 /* Pods-Moti.release.xcconfig */,
			);
			path = Pods;
			sourceTree = "<group>";
		};
/* End PBXGroup section */

/* Begin PBXNativeTarget section */
		2C062A4C2C7A97CF0010D9F4 /* Moti */ = {
			isa = PBXNativeTarget;
			buildConfigurationList = 2C062A5E2C7A97D00010D9F4 /* Build configuration list for PBXNativeTarget "Moti" */;
			buildPhases = (
				E2A284A9A652DE4F2E9F6C29 /* [CP] Check Pods Manifest.lock */,
				2C062A492C7A97CF0010D9F4 /* Sources */,
				2C062A4A2C7A97CF0010D9F4 /* Frameworks */,
				2C062A4B2C7A97CF0010D9F4 /* Resources */,
				52A54B2E3A9FCA57A2BA91FD /* [CP] Embed Pods Frameworks */,
				2CADE6772C83389F001FE1C2 /* Embed Frameworks */,
			);
			buildRules = (
			);
			dependencies = (
			);
			name = Moti;
			productName = Tempethera;
			productReference = 2C062A4D2C7A97CF0010D9F4 /* Moti.app */;
			productType = "com.apple.product-type.application";
		};
/* End PBXNativeTarget section */

/* Begin PBXProject section */
		2C062A452C7A97CF0010D9F4 /* Project object */ = {
			isa = PBXProject;
			attributes = {
				BuildIndependentTargetsInParallel = 1;
				LastSwiftUpdateCheck = 1540;
				LastUpgradeCheck = 1610;
				TargetAttributes = {
					2C062A4C2C7A97CF0010D9F4 = {
						CreatedOnToolsVersion = 15.4;
					};
				};
			};
			buildConfigurationList = 2C062A482C7A97CF0010D9F4 /* Build configuration list for PBXProject "Moti" */;
			compatibilityVersion = "Xcode 14.0";
			developmentRegion = en;
			hasScannedForEncodings = 0;
			knownRegions = (
				en,
				Base,
				el,
				sq,
			);
			mainGroup = 2C062A442C7A97CF0010D9F4;
			productRefGroup = 2C062A4E2C7A97CF0010D9F4 /* Products */;
			projectDirPath = "";
			projectRoot = "";
			targets = (
				2C062A4C2C7A97CF0010D9F4 /* Moti */,
			);
		};
/* End PBXProject section */

/* Begin PBXResourcesBuildPhase section */
		2C062A4B2C7A97CF0010D9F4 /* Resources */ = {
			isa = PBXResourcesBuildPhase;
			buildActionMask = 2147483647;
			files = (
				2C062A5A2C7A97D00010D9F4 /* Preview Assets.xcassets in Resources */,
				2CADE6792C833A17001FE1C2 /* GoogleService-Info.plist in Resources */,
				2AD9D0392CE6104D00B9873A /* Localizable.xcstrings in Resources */,
				2C062A572C7A97D00010D9F4 /* Assets.xcassets in Resources */,
				2C062A662C7A9FCB0010D9F4 /* Info.plist in Resources */,
			);
			runOnlyForDeploymentPostprocessing = 0;
		};
/* End PBXResourcesBuildPhase section */

/* Begin PBXShellScriptBuildPhase section */
		52A54B2E3A9FCA57A2BA91FD /* [CP] Embed Pods Frameworks */ = {
			isa = PBXShellScriptBuildPhase;
			buildActionMask = 2147483647;
			files = (
			);
			inputFileListPaths = (
				"${PODS_ROOT}/Target Support Files/Pods-Moti/Pods-Moti-frameworks-${CONFIGURATION}-input-files.xcfilelist",
			);
			name = "[CP] Embed Pods Frameworks";
			outputFileListPaths = (
				"${PODS_ROOT}/Target Support Files/Pods-Moti/Pods-Moti-frameworks-${CONFIGURATION}-output-files.xcfilelist",
			);
			runOnlyForDeploymentPostprocessing = 0;
			shellPath = /bin/sh;
			shellScript = "\"${PODS_ROOT}/Target Support Files/Pods-Moti/Pods-Moti-frameworks.sh\"\n";
			showEnvVarsInLog = 0;
		};
		E2A284A9A652DE4F2E9F6C29 /* [CP] Check Pods Manifest.lock */ = {
			isa = PBXShellScriptBuildPhase;
			buildActionMask = 2147483647;
			files = (
			);
			inputFileListPaths = (
			);
			inputPaths = (
				"${PODS_PODFILE_DIR_PATH}/Podfile.lock",
				"${PODS_ROOT}/Manifest.lock",
			);
			name = "[CP] Check Pods Manifest.lock";
			outputFileListPaths = (
			);
			outputPaths = (
				"$(DERIVED_FILE_DIR)/Pods-Moti-checkManifestLockResult.txt",
			);
			runOnlyForDeploymentPostprocessing = 0;
			shellPath = /bin/sh;
			shellScript = "diff \"${PODS_PODFILE_DIR_PATH}/Podfile.lock\" \"${PODS_ROOT}/Manifest.lock\" > /dev/null\nif [ $? != 0 ] ; then\n    # print error to STDERR\n    echo \"error: The sandbox is not in sync with the Podfile.lock. Run 'pod install' or update your CocoaPods installation.\" >&2\n    exit 1\nfi\n# This output is used by Xcode 'outputs' to avoid re-running this script phase.\necho \"SUCCESS\" > \"${SCRIPT_OUTPUT_FILE_0}\"\n";
			showEnvVarsInLog = 0;
		};
/* End PBXShellScriptBuildPhase section */

/* Begin PBXSourcesBuildPhase section */
		2C062A492C7A97CF0010D9F4 /* Sources */ = {
			isa = PBXSourcesBuildPhase;
			buildActionMask = 2147483647;
			files = (
				2C062A532C7A97CF0010D9F4 /* ContentView.swift in Sources */,
				2C062A642C7A9D5C0010D9F4 /* WeatherData.swift in Sources */,
				2C062A552C7A97CF0010D9F4 /* Item.swift in Sources */,
				2C062A622C7A9AE70010D9F4 /* WeatherManager.swift in Sources */,
				2C062A512C7A97CF0010D9F4 /* Moti.swift in Sources */,
				2C988C3D2C7C9A45007EBB34 /* ForecastView.swift in Sources */,
			);
			runOnlyForDeploymentPostprocessing = 0;
		};
/* End PBXSourcesBuildPhase section */

/* Begin XCBuildConfiguration section */
		2C062A5C2C7A97D00010D9F4 /* Debug */ = {
			isa = XCBuildConfiguration;
			buildSettings = {
				ALWAYS_SEARCH_USER_PATHS = NO;
				ASSETCATALOG_COMPILER_GENERATE_SWIFT_ASSET_SYMBOL_EXTENSIONS = YES;
				CLANG_ANALYZER_NONNULL = YES;
				CLANG_ANALYZER_NUMBER_OBJECT_CONVERSION = YES_AGGRESSIVE;
				CLANG_CXX_LANGUAGE_STANDARD = "gnu++20";
				CLANG_ENABLE_MODULES = YES;
				CLANG_ENABLE_OBJC_ARC = YES;
				CLANG_ENABLE_OBJC_WEAK = YES;
				CLANG_WARN_BLOCK_CAPTURE_AUTORELEASING = YES;
				CLANG_WARN_BOOL_CONVERSION = YES;
				CLANG_WARN_COMMA = YES;
				CLANG_WARN_CONSTANT_CONVERSION = YES;
				CLANG_WARN_DEPRECATED_OBJC_IMPLEMENTATIONS = YES;
				CLANG_WARN_DIRECT_OBJC_ISA_USAGE = YES_ERROR;
				CLANG_WARN_DOCUMENTATION_COMMENTS = YES;
				CLANG_WARN_EMPTY_BODY = YES;
				CLANG_WARN_ENUM_CONVERSION = YES;
				CLANG_WARN_INFINITE_RECURSION = YES;
				CLANG_WARN_INT_CONVERSION = YES;
				CLANG_WARN_NON_LITERAL_NULL_CONVERSION = YES;
				CLANG_WARN_OBJC_IMPLICIT_RETAIN_SELF = YES;
				CLANG_WARN_OBJC_LITERAL_CONVERSION = YES;
				CLANG_WARN_OBJC_ROOT_CLASS = YES_ERROR;
				CLANG_WARN_QUOTED_INCLUDE_IN_FRAMEWORK_HEADER = YES;
				CLANG_WARN_RANGE_LOOP_ANALYSIS = YES;
				CLANG_WARN_STRICT_PROTOTYPES = YES;
				CLANG_WARN_SUSPICIOUS_MOVE = YES;
				CLANG_WARN_UNGUARDED_AVAILABILITY = YES_AGGRESSIVE;
				CLANG_WARN_UNREACHABLE_CODE = YES;
				CLANG_WARN__DUPLICATE_METHOD_MATCH = YES;
				COPY_PHASE_STRIP = NO;
				DEAD_CODE_STRIPPING = YES;
				DEBUG_INFORMATION_FORMAT = dwarf;
				ENABLE_STRICT_OBJC_MSGSEND = YES;
				ENABLE_TESTABILITY = YES;
				ENABLE_USER_SCRIPT_SANDBOXING = YES;
				ENABLE_USER_SELECTED_FILES = readwrite;
				GCC_C_LANGUAGE_STANDARD = gnu17;
				GCC_DYNAMIC_NO_PIC = NO;
				GCC_NO_COMMON_BLOCKS = YES;
				GCC_OPTIMIZATION_LEVEL = 0;
				GCC_PREPROCESSOR_DEFINITIONS = (
					"DEBUG=1",
					"$(inherited)",
				);
				GCC_WARN_64_TO_32_BIT_CONVERSION = YES;
				GCC_WARN_ABOUT_RETURN_TYPE = YES_ERROR;
				GCC_WARN_UNDECLARED_SELECTOR = YES;
				GCC_WARN_UNINITIALIZED_AUTOS = YES_AGGRESSIVE;
				GCC_WARN_UNUSED_FUNCTION = YES;
				GCC_WARN_UNUSED_VARIABLE = YES;
				LOCALIZATION_PREFERS_STRING_CATALOGS = YES;
				MACOSX_DEPLOYMENT_TARGET = 14.0;
				MTL_ENABLE_DEBUG_INFO = INCLUDE_SOURCE;
				MTL_FAST_MATH = YES;
				ONLY_ACTIVE_ARCH = YES;
				SDKROOT = macosx;
				SWIFT_ACTIVE_COMPILATION_CONDITIONS = "DEBUG $(inherited)";
				SWIFT_EMIT_LOC_STRINGS = YES;
				SWIFT_OPTIMIZATION_LEVEL = "-Onone";
			};
			name = Debug;
		};
		2C062A5D2C7A97D00010D9F4 /* Release */ = {
			isa = XCBuildConfiguration;
			buildSettings = {
				ALWAYS_SEARCH_USER_PATHS = NO;
				ASSETCATALOG_COMPILER_GENERATE_SWIFT_ASSET_SYMBOL_EXTENSIONS = YES;
				CLANG_ANALYZER_NONNULL = YES;
				CLANG_ANALYZER_NUMBER_OBJECT_CONVERSION = YES_AGGRESSIVE;
				CLANG_CXX_LANGUAGE_STANDARD = "gnu++20";
				CLANG_ENABLE_MODULES = YES;
				CLANG_ENABLE_OBJC_ARC = YES;
				CLANG_ENABLE_OBJC_WEAK = YES;
				CLANG_WARN_BLOCK_CAPTURE_AUTORELEASING = YES;
				CLANG_WARN_BOOL_CONVERSION = YES;
				CLANG_WARN_COMMA = YES;
				CLANG_WARN_CONSTANT_CONVERSION = YES;
				CLANG_WARN_DEPRECATED_OBJC_IMPLEMENTATIONS = YES;
				CLANG_WARN_DIRECT_OBJC_ISA_USAGE = YES_ERROR;
				CLANG_WARN_DOCUMENTATION_COMMENTS = YES;
				CLANG_WARN_EMPTY_BODY = YES;
				CLANG_WARN_ENUM_CONVERSION = YES;
				CLANG_WARN_INFINITE_RECURSION = YES;
				CLANG_WARN_INT_CONVERSION = YES;
				CLANG_WARN_NON_LITERAL_NULL_CONVERSION = YES;
				CLANG_WARN_OBJC_IMPLICIT_RETAIN_SELF = YES;
				CLANG_WARN_OBJC_LITERAL_CONVERSION = YES;
				CLANG_WARN_OBJC_ROOT_CLASS = YES_ERROR;
				CLANG_WARN_QUOTED_INCLUDE_IN_FRAMEWORK_HEADER = YES;
				CLANG_WARN_RANGE_LOOP_ANALYSIS = YES;
				CLANG_WARN_STRICT_PROTOTYPES = YES;
				CLANG_WARN_SUSPICIOUS_MOVE = YES;
				CLANG_WARN_UNGUARDED_AVAILABILITY = YES_AGGRESSIVE;
				CLANG_WARN_UNREACHABLE_CODE = YES;
				CLANG_WARN__DUPLICATE_METHOD_MATCH = YES;
				COPY_PHASE_STRIP = NO;
				DEAD_CODE_STRIPPING = YES;
				DEBUG_INFORMATION_FORMAT = "dwarf-with-dsym";
				ENABLE_NS_ASSERTIONS = NO;
				ENABLE_STRICT_OBJC_MSGSEND = YES;
				ENABLE_USER_SCRIPT_SANDBOXING = YES;
				ENABLE_USER_SELECTED_FILES = readwrite;
				GCC_C_LANGUAGE_STANDARD = gnu17;
				GCC_NO_COMMON_BLOCKS = YES;
				GCC_WARN_64_TO_32_BIT_CONVERSION = YES;
				GCC_WARN_ABOUT_RETURN_TYPE = YES_ERROR;
				GCC_WARN_UNDECLARED_SELECTOR = YES;
				GCC_WARN_UNINITIALIZED_AUTOS = YES_AGGRESSIVE;
				GCC_WARN_UNUSED_FUNCTION = YES;
				GCC_WARN_UNUSED_VARIABLE = YES;
				LOCALIZATION_PREFERS_STRING_CATALOGS = YES;
				MACOSX_DEPLOYMENT_TARGET = 14.0;
				MTL_ENABLE_DEBUG_INFO = NO;
				MTL_FAST_MATH = YES;
				SDKROOT = macosx;
				SWIFT_COMPILATION_MODE = wholemodule;
				SWIFT_EMIT_LOC_STRINGS = YES;
			};
			name = Release;
		};
		2C062A5F2C7A97D00010D9F4 /* Debug */ = {
			isa = XCBuildConfiguration;
			baseConfigurationReference = 310E90E3176E9185697C02E8 /* Pods-Moti.debug.xcconfig */;
			buildSettings = {
				ASSETCATALOG_COMPILER_APPICON_NAME = AppIcon;
				ASSETCATALOG_COMPILER_GLOBAL_ACCENT_COLOR_NAME = AccentColor;
				ASSETCATALOG_COMPILER_INCLUDE_ALL_APPICON_ASSETS = YES;
				CODE_SIGN_ENTITLEMENTS = Moti/Moti.entitlements;
				CODE_SIGN_STYLE = Automatic;
				COMBINE_HIDPI_IMAGES = YES;
				CURRENT_PROJECT_VERSION = 1;
				DEAD_CODE_STRIPPING = YES;
				DEVELOPMENT_ASSET_PATHS = "\"Moti/Preview Content\"";
				DEVELOPMENT_TEAM = R8JF2W45R3;
				ENABLE_HARDENED_RUNTIME = YES;
				ENABLE_PREVIEWS = YES;
				ENABLE_USER_SCRIPT_SANDBOXING = NO;
				GENERATE_INFOPLIST_FILE = YES;
				INFOPLIST_KEY_CFBundleDisplayName = Moti;
				INFOPLIST_KEY_LSApplicationCategoryType = "public.app-category.weather";
				INFOPLIST_KEY_NSHumanReadableCopyright = "";
				LD_RUNPATH_SEARCH_PATHS = (
					"$(inherited)",
					"@executable_path/../Frameworks",
				);
				MACOSX_DEPLOYMENT_TARGET = 14.0;
				MARKETING_VERSION = 1.0.3;
				PRODUCT_BUNDLE_IDENTIFIER = dev.peterdsp.moti;
				PRODUCT_NAME = "$(TARGET_NAME)";
				SWIFT_EMIT_LOC_STRINGS = YES;
				SWIFT_VERSION = 5.0;
			};
			name = Debug;
		};
		2C062A602C7A97D00010D9F4 /* Release */ = {
			isa = XCBuildConfiguration;
			baseConfigurationReference = 1CD041F23F0293042067A6C1 /* Pods-Moti.release.xcconfig */;
			buildSettings = {
				ASSETCATALOG_COMPILER_APPICON_NAME = AppIcon;
				ASSETCATALOG_COMPILER_GLOBAL_ACCENT_COLOR_NAME = AccentColor;
				ASSETCATALOG_COMPILER_INCLUDE_ALL_APPICON_ASSETS = YES;
				CODE_SIGN_ENTITLEMENTS = Moti/Moti.entitlements;
				CODE_SIGN_STYLE = Automatic;
				COMBINE_HIDPI_IMAGES = YES;
				CURRENT_PROJECT_VERSION = 1;
				DEAD_CODE_STRIPPING = YES;
				DEVELOPMENT_ASSET_PATHS = "\"Moti/Preview Content\"";
				DEVELOPMENT_TEAM = R8JF2W45R3;
				ENABLE_HARDENED_RUNTIME = YES;
				ENABLE_PREVIEWS = YES;
				ENABLE_USER_SCRIPT_SANDBOXING = NO;
				GENERATE_INFOPLIST_FILE = YES;
				INFOPLIST_KEY_CFBundleDisplayName = Moti;
				INFOPLIST_KEY_LSApplicationCategoryType = "public.app-category.weather";
				INFOPLIST_KEY_NSHumanReadableCopyright = "";
				LD_RUNPATH_SEARCH_PATHS = (
					"$(inherited)",
					"@executable_path/../Frameworks",
				);
				MACOSX_DEPLOYMENT_TARGET = 14.0;
				MARKETING_VERSION = 1.0.3;
				PRODUCT_BUNDLE_IDENTIFIER = dev.peterdsp.moti;
				PRODUCT_NAME = "$(TARGET_NAME)";
				SWIFT_EMIT_LOC_STRINGS = YES;
				SWIFT_VERSION = 5.0;
			};
			name = Release;
		};
/* End XCBuildConfiguration section */

/* Begin XCConfigurationList section */
		2C062A482C7A97CF0010D9F4 /* Build configuration list for PBXProject "Moti" */ = {
			isa = XCConfigurationList;
			buildConfigurations = (
				2C062A5C2C7A97D00010D9F4 /* Debug */,
				2C062A5D2C7A97D00010D9F4 /* Release */,
			);
			defaultConfigurationIsVisible = 0;
			defaultConfigurationName = Release;
		};
		2C062A5E2C7A97D00010D9F4 /* Build configuration list for PBXNativeTarget "Moti" */ = {
			isa = XCConfigurationList;
			buildConfigurations = (
				2C062A5F2C7A97D00010D9F4 /* Debug */,
				2C062A602C7A97D00010D9F4 /* Release */,
			);
			defaultConfigurationIsVisible = 0;
			defaultConfigurationName = Release;
		};
/* End XCConfigurationList section */
	};
	rootObject = 2C062A452C7A97CF0010D9F4 /* Project object */;
}
